{
  "name": "metamodelica-language-server-debugger",
  "version": "0.1.0",
  "lockfileVersion": 3,
  "requires": true,
  "packages": {
    "": {
      "name": "metamodelica-language-server-debugger",
      "version": "0.1.0",
      "hasInstallScript": true,
      "license": "See ../OSMC-License.txt",
      "dependencies": {
        "web-tree-sitter": "^0.22.5"
      },
      "devDependencies": {
        "@types/vscode": "^1.88.0",
        "@vscode/debugadapter": "^1.65.0",
        "@vscode/debugadapter-testsupport": "^1.65.0",
        "await-notify": "^1.0.1",
        "base64-js": "^1.5.1",
        "events": "^3.3.0",
        "path-browserify": "^1.0.1",
        "tree-sitter-gdbmi": "github:novafacing/tree-sitter-gdbmi"
      },
      "engines": {
        "node": "20",
        "vscode": "^1.75.0"
      }
    },
    "node_modules/@types/vscode": {
      "version": "1.89.0",
      "resolved": "https://registry.npmjs.org/@types/vscode/-/vscode-1.89.0.tgz",
      "integrity": "sha512-TMfGKLSVxfGfoO8JfIE/neZqv7QLwS4nwPwL/NwMvxtAY2230H2I4Z5xx6836pmJvMAzqooRQ4pmLm7RUicP3A==",
      "dev": true
    },
    "node_modules/@vscode/debugadapter": {
      "version": "1.65.0",
      "resolved": "https://registry.npmjs.org/@vscode/debugadapter/-/debugadapter-1.65.0.tgz",
      "integrity": "sha512-l9jdX0GFoFVAc7O4O8iVnCjO0pgxbx+wJJXCaYSuglGtYwMNcJdc7xm96cuVx4LWzSqneIjvjzbuzZtoVZhZzQ==",
      "dev": true,
      "dependencies": {
        "@vscode/debugprotocol": "1.65.0"
      },
      "engines": {
        "node": ">=14"
      }
    },
    "node_modules/@vscode/debugadapter-testsupport": {
      "version": "1.65.0",
      "resolved": "https://registry.npmjs.org/@vscode/debugadapter-testsupport/-/debugadapter-testsupport-1.65.0.tgz",
      "integrity": "sha512-VwXzZKhBBK2rBemzQbw7rKsaNl0rZbcWm6oMxipz152Ki9LhrTy9QDl6zZlcdvJx23r9WtNxt7qHNt02PPMisg==",
      "dev": true,
      "dependencies": {
        "@vscode/debugprotocol": "1.65.0"
      },
      "engines": {
        "node": ">=14"
      }
    },
    "node_modules/@vscode/debugprotocol": {
      "version": "1.65.0",
      "resolved": "https://registry.npmjs.org/@vscode/debugprotocol/-/debugprotocol-1.65.0.tgz",
      "integrity": "sha512-ejerrPMBXzYms6Ks+Gb7cdXtdncmT0xwIKNsc0c/SxhEa0HVY5jdvLUegYE91p7CQJpCnXOD/r2CvViN8txLLA==",
      "dev": true
    },
    "node_modules/await-notify": {
      "version": "1.0.1",
      "resolved": "https://registry.npmjs.org/await-notify/-/await-notify-1.0.1.tgz",
      "integrity": "sha512-eT6XN2ycPKvuiffzUNmU0dnGmmLw+TexMW7UKOyf5utdVrWx14PR2acRIfy6ZfFWRAv8twt1X74VUgd9RnDmfQ==",
      "dev": true
    },
    "node_modules/base64-js": {
      "version": "1.5.1",
      "resolved": "https://registry.npmjs.org/base64-js/-/base64-js-1.5.1.tgz",
      "integrity": "sha512-AKpaYlHn8t4SVbOHCy+b5+KKgvR4vrsD8vbvrbiQJps7fKDTkjkDry6ji0rUJjC0kzbNePLwzxq8iypo41qeWA==",
      "dev": true,
      "funding": [
        {
          "type": "github",
          "url": "https://github.com/sponsors/feross"
        },
        {
          "type": "patreon",
          "url": "https://www.patreon.com/feross"
        },
        {
          "type": "consulting",
          "url": "https://feross.org/support"
        }
      ]
    },
    "node_modules/events": {
      "version": "3.3.0",
      "resolved": "https://registry.npmjs.org/events/-/events-3.3.0.tgz",
      "integrity": "sha512-mQw+2fkQbALzQ7V0MY0IqdnXNOeTtP4r0lN9z7AAawCXgqea7bDii20AYrIBrFd/Hx0M2Ocz6S111CaFkUcb0Q==",
      "dev": true,
      "engines": {
        "node": ">=0.8.x"
      }
    },
    "node_modules/nan": {
      "version": "2.19.0",
      "resolved": "https://registry.npmjs.org/nan/-/nan-2.19.0.tgz",
      "integrity": "sha512-nO1xXxfh/RWNxfd/XPfbIfFk5vgLsAxUR9y5O0cHMJu/AW9U95JLXqthYHjEp+8gQ5p96K9jUp8nbVOxCdRbtw==",
      "dev": true
    },
    "node_modules/path-browserify": {
      "version": "1.0.1",
      "resolved": "https://registry.npmjs.org/path-browserify/-/path-browserify-1.0.1.tgz",
      "integrity": "sha512-b7uo2UCUOYZcnF/3ID0lulOJi/bafxa1xPe7ZPsammBSpjSWQkjNxlt635YGS2MiR9GjvuXCtz2emr3jbsz98g==",
      "dev": true
    },
    "node_modules/tree-sitter-gdbmi": {
      "version": "1.0.0",
      "resolved": "git+ssh://git@github.com/novafacing/tree-sitter-gdbmi.git#5ff9bf7d4adbd673e1e9378335523a1a70e8cda4",
      "dev": true,
      "hasInstallScript": true,
      "dependencies": {
        "nan": "^2.16.0"
      }
    },
    "node_modules/web-tree-sitter": {
      "version": "0.22.5",
      "resolved": "https://registry.npmjs.org/web-tree-sitter/-/web-tree-sitter-0.22.5.tgz",
      "integrity": "sha512-rGX2jRXjcGOhf35zWyO0i/+Wjz4/KVUYN9Oh3AhDsZ0fGOgTIkw/bMhqwvc8L7HgMK8rqDq9RcROWc7lnsnhWg=="
    }
  }
}
